
Microsoft Visual Studio Solution File, Format Version 12.00
# Visual Studio Version 17
VisualStudioVersion = 17.2.32526.322
MinimumVisualStudioVersion = 10.0.40219.1
Project("{9A19103F-16F7-4668-BE54-9A1E7A4F7556}") = "API.Blog.BackEnd.Domain", "Blog.Domain\API.Blog.BackEnd.Domain.csproj", "{9C042ABA-ADB1-403A-B026-19648EA2F65B}"
EndProject
Project("{9A19103F-16F7-4668-BE54-9A1E7A4F7556}") = "API.Blog.BackEnd.Infra", "Blog.Infra\API.Blog.BackEnd.Infra.csproj", "{B336B801-7652-4934-8DF0-5E42E4FEAD3D}"
EndProject
Project("{9A19103F-16F7-4668-BE54-9A1E7A4F7556}") = "API.Blog.BackEnd.Utils", "Blog.Utils\API.Blog.BackEnd.Utils.csproj", "{71EE4493-69B9-46A4-9AE3-C152AD2E6764}"
EndProject
Project("{9A19103F-16F7-4668-BE54-9A1E7A4F7556}") = "API.Blog.BackEnd.Service", "Blog.Service\API.Blog.BackEnd.Service.csproj", "{9CF382C4-A010-487F-9B66-0EDB22A90104}"
EndProject
Project("{9A19103F-16F7-4668-BE54-9A1E7A4F7556}") = "API.Blog.BackEnd", "Blog.BackEnd\API.Blog.BackEnd.csproj", "{1E2F94F1-DDFB-4EA8-BD9C-116B8C5780D7}"
EndProject
Global
	GlobalSection(SolutionConfigurationPlatforms) = preSolution
		Debug|Any CPU = Debug|Any CPU
		Release|Any CPU = Release|Any CPU
	EndGlobalSection
	GlobalSection(ProjectConfigurationPlatforms) = postSolution
		{9C042ABA-ADB1-403A-B026-19648EA2F65B}.Debug|Any CPU.ActiveCfg = Debug|Any CPU
		{9C042ABA-ADB1-403A-B026-19648EA2F65B}.Debug|Any CPU.Build.0 = Debug|Any CPU
		{9C042ABA-ADB1-403A-B026-19648EA2F65B}.Release|Any CPU.ActiveCfg = Release|Any CPU
		{9C042ABA-ADB1-403A-B026-19648EA2F65B}.Release|Any CPU.Build.0 = Release|Any CPU
		{B336B801-7652-4934-8DF0-5E42E4FEAD3D}.Debug|Any CPU.ActiveCfg = Debug|Any CPU
		{B336B801-7652-4934-8DF0-5E42E4FEAD3D}.Debug|Any CPU.Build.0 = Debug|Any CPU
		{B336B801-7652-4934-8DF0-5E42E4FEAD3D}.Release|Any CPU.ActiveCfg = Release|Any CPU
		{B336B801-7652-4934-8DF0-5E42E4FEAD3D}.Release|Any CPU.Build.0 = Release|Any CPU
		{71EE4493-69B9-46A4-9AE3-C152AD2E6764}.Debug|Any CPU.ActiveCfg = Debug|Any CPU
		{71EE4493-69B9-46A4-9AE3-C152AD2E6764}.Debug|Any CPU.Build.0 = Debug|Any CPU
		{71EE4493-69B9-46A4-9AE3-C152AD2E6764}.Release|Any CPU.ActiveCfg = Release|Any CPU
		{71EE4493-69B9-46A4-9AE3-C152AD2E6764}.Release|Any CPU.Build.0 = Release|Any CPU
		{9CF382C4-A010-487F-9B66-0EDB22A90104}.Debug|Any CPU.ActiveCfg = Debug|Any CPU
		{9CF382C4-A010-487F-9B66-0EDB22A90104}.Debug|Any CPU.Build.0 = Debug|Any CPU
		{9CF382C4-A010-487F-9B66-0EDB22A90104}.Release|Any CPU.ActiveCfg = Release|Any CPU
		{9CF382C4-A010-487F-9B66-0EDB22A90104}.Release|Any CPU.Build.0 = Release|Any CPU
		{1E2F94F1-DDFB-4EA8-BD9C-116B8C5780D7}.Debug|Any CPU.ActiveCfg = Debug|Any CPU
		{1E2F94F1-DDFB-4EA8-BD9C-116B8C5780D7}.Debug|Any CPU.Build.0 = Debug|Any CPU
		{1E2F94F1-DDFB-4EA8-BD9C-116B8C5780D7}.Release|Any CPU.ActiveCfg = Release|Any CPU
		{1E2F94F1-DDFB-4EA8-BD9C-116B8C5780D7}.Release|Any CPU.Build.0 = Release|Any CPU
	EndGlobalSection
	GlobalSection(SolutionProperties) = preSolution
		HideSolutionNode = FALSE
	EndGlobalSection
	GlobalSection(ExtensibilityGlobals) = postSolution
		SolutionGuid = {2B3AF60D-FCF9-4940-A44E-C71DAD7A1B36}
	EndGlobalSection
EndGlobal
